
Microsoft Visual Studio Solution File, Format Version 12.00
# Visual Studio 15
VisualStudioVersion = 15.0.27130.2036
MinimumVisualStudioVersion = 10.0.40219.1
Project("{2150E333-8FDC-42A3-9474-1A3956D46DE8}") = "test", "test", "{CC86A931-2D03-4AF4-804D-73D9D24E87E9}"
EndProject
Project("{9A19103F-16F7-4668-BE54-9A1E7A4F7556}") = "IntegrationTests", "test\IntegrationTests\IntegrationTests.csproj", "{F5737539-9294-4DEA-8888-9299B61531EC}"
EndProject
Project("{9A19103F-16F7-4668-BE54-9A1E7A4F7556}") = "UnitTests", "test\UnitTests\UnitTests.csproj", "{F1DBE136-2D14-41B8-BE09-167AA417F36F}"
EndProject
Project("{9A19103F-16F7-4668-BE54-9A1E7A4F7556}") = "EventStore.API", "src\EventStore.API\EventStore.API.csproj", "{798BD305-A609-4482-86B4-69E1874E5323}"
EndProject
Project("{9A19103F-16F7-4668-BE54-9A1E7A4F7556}") = "EventStore.Core", "src\EventStore.Core\EventStore.Core.csproj", "{68345D30-25DC-425E-87FB-8DA6D4BEC5A5}"
EndProject
Project("{9A19103F-16F7-4668-BE54-9A1E7A4F7556}") = "EventStore.SPA", "src\EventStore.SPA\EventStore.SPA.csproj", "{6D5F96F8-7357-4A6A-9776-5D91D4F50718}"
EndProject
Project("{9A19103F-16F7-4668-BE54-9A1E7A4F7556}") = "EventStore.Infrastructure", "src\EventStore.Infrastructure\EventStore.Infrastructure.csproj", "{6B43AE4C-8614-467F-A85E-7061AFBC6376}"
EndProject
Global
	GlobalSection(SolutionConfigurationPlatforms) = preSolution
		Debug|Any CPU = Debug|Any CPU
		Release|Any CPU = Release|Any CPU
	EndGlobalSection
	GlobalSection(ProjectConfigurationPlatforms) = postSolution
		{F5737539-9294-4DEA-8888-9299B61531EC}.Debug|Any CPU.ActiveCfg = Debug|Any CPU
		{F5737539-9294-4DEA-8888-9299B61531EC}.Debug|Any CPU.Build.0 = Debug|Any CPU
		{F5737539-9294-4DEA-8888-9299B61531EC}.Release|Any CPU.ActiveCfg = Release|Any CPU
		{F5737539-9294-4DEA-8888-9299B61531EC}.Release|Any CPU.Build.0 = Release|Any CPU
		{F1DBE136-2D14-41B8-BE09-167AA417F36F}.Debug|Any CPU.ActiveCfg = Debug|Any CPU
		{F1DBE136-2D14-41B8-BE09-167AA417F36F}.Debug|Any CPU.Build.0 = Debug|Any CPU
		{F1DBE136-2D14-41B8-BE09-167AA417F36F}.Release|Any CPU.ActiveCfg = Release|Any CPU
		{F1DBE136-2D14-41B8-BE09-167AA417F36F}.Release|Any CPU.Build.0 = Release|Any CPU
		{798BD305-A609-4482-86B4-69E1874E5323}.Debug|Any CPU.ActiveCfg = Debug|Any CPU
		{798BD305-A609-4482-86B4-69E1874E5323}.Debug|Any CPU.Build.0 = Debug|Any CPU
		{798BD305-A609-4482-86B4-69E1874E5323}.Release|Any CPU.ActiveCfg = Release|Any CPU
		{798BD305-A609-4482-86B4-69E1874E5323}.Release|Any CPU.Build.0 = Release|Any CPU
		{68345D30-25DC-425E-87FB-8DA6D4BEC5A5}.Debug|Any CPU.ActiveCfg = Debug|Any CPU
		{68345D30-25DC-425E-87FB-8DA6D4BEC5A5}.Debug|Any CPU.Build.0 = Debug|Any CPU
		{68345D30-25DC-425E-87FB-8DA6D4BEC5A5}.Release|Any CPU.ActiveCfg = Release|Any CPU
		{68345D30-25DC-425E-87FB-8DA6D4BEC5A5}.Release|Any CPU.Build.0 = Release|Any CPU
		{6D5F96F8-7357-4A6A-9776-5D91D4F50718}.Debug|Any CPU.ActiveCfg = Debug|Any CPU
		{6D5F96F8-7357-4A6A-9776-5D91D4F50718}.Debug|Any CPU.Build.0 = Debug|Any CPU
		{6D5F96F8-7357-4A6A-9776-5D91D4F50718}.Release|Any CPU.ActiveCfg = Release|Any CPU
		{6D5F96F8-7357-4A6A-9776-5D91D4F50718}.Release|Any CPU.Build.0 = Release|Any CPU
		{6B43AE4C-8614-467F-A85E-7061AFBC6376}.Debug|Any CPU.ActiveCfg = Debug|Any CPU
		{6B43AE4C-8614-467F-A85E-7061AFBC6376}.Debug|Any CPU.Build.0 = Debug|Any CPU
		{6B43AE4C-8614-467F-A85E-7061AFBC6376}.Release|Any CPU.ActiveCfg = Release|Any CPU
		{6B43AE4C-8614-467F-A85E-7061AFBC6376}.Release|Any CPU.Build.0 = Release|Any CPU
	EndGlobalSection
	GlobalSection(SolutionProperties) = preSolution
		HideSolutionNode = FALSE
	EndGlobalSection
	GlobalSection(NestedProjects) = preSolution
		{F5737539-9294-4DEA-8888-9299B61531EC} = {CC86A931-2D03-4AF4-804D-73D9D24E87E9}
		{F1DBE136-2D14-41B8-BE09-167AA417F36F} = {CC86A931-2D03-4AF4-804D-73D9D24E87E9}
	EndGlobalSection
	GlobalSection(ExtensibilityGlobals) = postSolution
		SolutionGuid = {CAE164F5-F4CD-49FE-833A-3D726CF98A08}
	EndGlobalSection
EndGlobal
